
Microsoft Visual Studio Solution File, Format Version 12.00
# Visual Studio Version 16
VisualStudioVersion = 16.0.34301.259
MinimumVisualStudioVersion = 10.0.40219.1
Project("{FAE04EC0-301F-11D3-BF4B-00C04F79EFBC}") = "API.Locadora", "API.Locadora\API.Locadora.csproj", "{876B1EF2-9DD1-4A12-81EA-917E87A97B3E}"
EndProject
Global
	GlobalSection(SolutionConfigurationPlatforms) = preSolution
		Debug|Any CPU = Debug|Any CPU
		Release|Any CPU = Release|Any CPU
	EndGlobalSection
	GlobalSection(ProjectConfigurationPlatforms) = postSolution
		{876B1EF2-9DD1-4A12-81EA-917E87A97B3E}.Debug|Any CPU.ActiveCfg = Debug|Any CPU
		{876B1EF2-9DD1-4A12-81EA-917E87A97B3E}.Debug|Any CPU.Build.0 = Debug|Any CPU
		{876B1EF2-9DD1-4A12-81EA-917E87A97B3E}.Release|Any CPU.ActiveCfg = Release|Any CPU
		{876B1EF2-9DD1-4A12-81EA-917E87A97B3E}.Release|Any CPU.Build.0 = Release|Any CPU
	EndGlobalSection
	GlobalSection(SolutionProperties) = preSolution
		HideSolutionNode = FALSE
	EndGlobalSection
	GlobalSection(ExtensibilityGlobals) = postSolution
		SolutionGuid = {85978458-7B96-40C5-8948-89954001F82D}
	EndGlobalSection
EndGlobal
